// !$*UTF8*$!
{
	archiveVersion = 1;
	classes = {
	};
	objectVersion = 56;
	objects = {

/* Begin PBXBuildFile section */
		CE1827832BA4C1E000C78506 /* AppDelegate.swift in Sources */ = {isa = PBXBuildFile; fileRef = CE1827822BA4C1E000C78506 /* AppDelegate.swift */; };
		CE1827852BA4C1E000C78506 /* SceneDelegate.swift in Sources */ = {isa = PBXBuildFile; fileRef = CE1827842BA4C1E000C78506 /* SceneDelegate.swift */; };
		CE18278C2BA4C1E200C78506 /* Assets.xcassets in Resources */ = {isa = PBXBuildFile; fileRef = CE18278B2BA4C1E200C78506 /* Assets.xcassets */; };
		CE18278F2BA4C1E200C78506 /* LaunchScreen.storyboard in Resources */ = {isa = PBXBuildFile; fileRef = CE18278D2BA4C1E200C78506 /* LaunchScreen.storyboard */; };
		CE1827B32BA4C47D00C78506 /* StatePopulationViewModelTests.swift in Sources */ = {isa = PBXBuildFile; fileRef = CE1827B22BA4C47D00C78506 /* StatePopulationViewModelTests.swift */; };
		CE7605402BA4E3470055BAC1 /* CombineSchedulers in Frameworks */ = {isa = PBXBuildFile; productRef = CE76053F2BA4E3470055BAC1 /* CombineSchedulers */; };
		CE7605442BA4F2470055BAC1 /* StatePopulationViewModel.swift in Sources */ = {isa = PBXBuildFile; fileRef = CE7605432BA4F2470055BAC1 /* StatePopulationViewModel.swift */; };
		CE7605472BA4F28F0055BAC1 /* StatePopulationResponse.swift in Sources */ = {isa = PBXBuildFile; fileRef = CE7605462BA4F28F0055BAC1 /* StatePopulationResponse.swift */; };
		CE76054A2BA4F3BC0055BAC1 /* ViewState.swift in Sources */ = {isa = PBXBuildFile; fileRef = CE7605492BA4F3BC0055BAC1 /* ViewState.swift */; };
		CE76054C2BA4F3FA0055BAC1 /* PopulationViewModel.swift in Sources */ = {isa = PBXBuildFile; fileRef = CE76054B2BA4F3FA0055BAC1 /* PopulationViewModel.swift */; };
		CE76054E2BA4F41E0055BAC1 /* StatePopulationAPIProtocol.swift in Sources */ = {isa = PBXBuildFile; fileRef = CE76054D2BA4F41E0055BAC1 /* StatePopulationAPIProtocol.swift */; };
		CE7605502BA4F4350055BAC1 /* AppError.swift in Sources */ = {isa = PBXBuildFile; fileRef = CE76054F2BA4F4350055BAC1 /* AppError.swift */; };
		CE7605522BA4FADD0055BAC1 /* StatePopulationSampleJSON.swift in Sources */ = {isa = PBXBuildFile; fileRef = CE7605512BA4FADD0055BAC1 /* StatePopulationSampleJSON.swift */; };
		CE7605542BA4FB2B0055BAC1 /* PopulationParsingTests.swift in Sources */ = {isa = PBXBuildFile; fileRef = CE7605532BA4FB2B0055BAC1 /* PopulationParsingTests.swift */; };
		CE7605572BA4FF300055BAC1 /* YearlyPopulationSampleJSON.swift in Sources */ = {isa = PBXBuildFile; fileRef = CE7605562BA4FF300055BAC1 /* YearlyPopulationSampleJSON.swift */; };
		CE7605592BA4FFEB0055BAC1 /* YearlyPopulationResponse.swift in Sources */ = {isa = PBXBuildFile; fileRef = CE7605582BA4FFEB0055BAC1 /* YearlyPopulationResponse.swift */; };
		CE76055B2BA501450055BAC1 /* YearlyPopulationViewModel.swift in Sources */ = {isa = PBXBuildFile; fileRef = CE76055A2BA501450055BAC1 /* YearlyPopulationViewModel.swift */; };
		CE76055D2BA5033B0055BAC1 /* YearlyViewModelTests.swift in Sources */ = {isa = PBXBuildFile; fileRef = CE76055C2BA5033B0055BAC1 /* YearlyViewModelTests.swift */; };
		CE76056F2BA5B6B40055BAC1 /* PopulationNetworkClientTests.swift in Sources */ = {isa = PBXBuildFile; fileRef = CE7605602BA5B18E0055BAC1 /* PopulationNetworkClientTests.swift */; };
		CE7605712BA5BAB00055BAC1 /* PopulationNetworkClient.swift in Sources */ = {isa = PBXBuildFile; fileRef = CE7605702BA5BAB00055BAC1 /* PopulationNetworkClient.swift */; };
		CE7605742BA5BAE50055BAC1 /* URLResponse+Ext.swift in Sources */ = {isa = PBXBuildFile; fileRef = CE7605732BA5BAE50055BAC1 /* URLResponse+Ext.swift */; };
		CE7605762BA6395A0055BAC1 /* YearlyPopulationView.swift in Sources */ = {isa = PBXBuildFile; fileRef = CE7605752BA6395A0055BAC1 /* YearlyPopulationView.swift */; };
		CE7605782BA639CC0055BAC1 /* PreviewNetworkClient.swift in Sources */ = {isa = PBXBuildFile; fileRef = CE7605772BA639CC0055BAC1 /* PreviewNetworkClient.swift */; };
		CE7605792BA63A470055BAC1 /* StatePopulationSampleJSON.swift in Sources */ = {isa = PBXBuildFile; fileRef = CE7605512BA4FADD0055BAC1 /* StatePopulationSampleJSON.swift */; };
		CE76057A2BA63A4A0055BAC1 /* YearlyPopulationSampleJSON.swift in Sources */ = {isa = PBXBuildFile; fileRef = CE7605562BA4FF300055BAC1 /* YearlyPopulationSampleJSON.swift */; };
		CE76057C2BA642320055BAC1 /* StatePopulationView.swift in Sources */ = {isa = PBXBuildFile; fileRef = CE76057B2BA642320055BAC1 /* StatePopulationView.swift */; };
		CE76057F2BA770040055BAC1 /* HomeTabView.swift in Sources */ = {isa = PBXBuildFile; fileRef = CE76057E2BA770040055BAC1 /* HomeTabView.swift */; };
		CE7605812BA7732F0055BAC1 /* HomeTabViewModel.swift in Sources */ = {isa = PBXBuildFile; fileRef = CE7605802BA7732F0055BAC1 /* HomeTabViewModel.swift */; };
		CE7605832BA778180055BAC1 /* URLClientImpl.swift in Sources */ = {isa = PBXBuildFile; fileRef = CE7605822BA778180055BAC1 /* URLClientImpl.swift */; };
		CECCD0B32BA77C8700FE37C6 /* OnFirstAppear.swift in Sources */ = {isa = PBXBuildFile; fileRef = CECCD0B22BA77C8700FE37C6 /* OnFirstAppear.swift */; };
/* End PBXBuildFile section */

/* Begin PBXContainerItemProxy section */
		CE1827962BA4C1E200C78506 /* PBXContainerItemProxy */ = {
			isa = PBXContainerItemProxy;
			containerPortal = CE1827772BA4C1E000C78506 /* Project object */;
			proxyType = 1;
			remoteGlobalIDString = CE18277E2BA4C1E000C78506;
			remoteInfo = USAPopulation;
		};
		CE76056A2BA5B6AB0055BAC1 /* PBXContainerItemProxy */ = {
			isa = PBXContainerItemProxy;
			containerPortal = CE1827772BA4C1E000C78506 /* Project object */;
			proxyType = 1;
			remoteGlobalIDString = CE18277E2BA4C1E000C78506;
			remoteInfo = USAPopulation;
		};
/* End PBXContainerItemProxy section */

/* Begin PBXFileReference section */
		CE18277F2BA4C1E000C78506 /* USAPopulation.app */ = {isa = PBXFileReference; explicitFileType = wrapper.application; includeInIndex = 0; path = USAPopulation.app; sourceTree = BUILT_PRODUCTS_DIR; };
		CE1827822BA4C1E000C78506 /* AppDelegate.swift */ = {isa = PBXFileReference; lastKnownFileType = sourcecode.swift; path = AppDelegate.swift; sourceTree = "<group>"; };
		CE1827842BA4C1E000C78506 /* SceneDelegate.swift */ = {isa = PBXFileReference; lastKnownFileType = sourcecode.swift; path = SceneDelegate.swift; sourceTree = "<group>"; };
		CE18278B2BA4C1E200C78506 /* Assets.xcassets */ = {isa = PBXFileReference; lastKnownFileType = folder.assetcatalog; path = Assets.xcassets; sourceTree = "<group>"; };
		CE18278E2BA4C1E200C78506 /* Base */ = {isa = PBXFileReference; lastKnownFileType = file.storyboard; name = Base; path = Base.lproj/LaunchScreen.storyboard; sourceTree = "<group>"; };
		CE1827902BA4C1E200C78506 /* Info.plist */ = {isa = PBXFileReference; lastKnownFileType = text.plist.xml; path = Info.plist; sourceTree = "<group>"; };
		CE1827952BA4C1E200C78506 /* USAPopulationTests.xctest */ = {isa = PBXFileReference; explicitFileType = wrapper.cfbundle; includeInIndex = 0; path = USAPopulationTests.xctest; sourceTree = BUILT_PRODUCTS_DIR; };
		CE1827B22BA4C47D00C78506 /* StatePopulationViewModelTests.swift */ = {isa = PBXFileReference; lastKnownFileType = sourcecode.swift; path = StatePopulationViewModelTests.swift; sourceTree = "<group>"; };
		CE7605432BA4F2470055BAC1 /* StatePopulationViewModel.swift */ = {isa = PBXFileReference; lastKnownFileType = sourcecode.swift; path = StatePopulationViewModel.swift; sourceTree = "<group>"; };
		CE7605462BA4F28F0055BAC1 /* StatePopulationResponse.swift */ = {isa = PBXFileReference; lastKnownFileType = sourcecode.swift; path = StatePopulationResponse.swift; sourceTree = "<group>"; };
		CE7605492BA4F3BC0055BAC1 /* ViewState.swift */ = {isa = PBXFileReference; lastKnownFileType = sourcecode.swift; path = ViewState.swift; sourceTree = "<group>"; };
		CE76054B2BA4F3FA0055BAC1 /* PopulationViewModel.swift */ = {isa = PBXFileReference; lastKnownFileType = sourcecode.swift; path = PopulationViewModel.swift; sourceTree = "<group>"; };
		CE76054D2BA4F41E0055BAC1 /* StatePopulationAPIProtocol.swift */ = {isa = PBXFileReference; lastKnownFileType = sourcecode.swift; path = StatePopulationAPIProtocol.swift; sourceTree = "<group>"; };
		CE76054F2BA4F4350055BAC1 /* AppError.swift */ = {isa = PBXFileReference; lastKnownFileType = sourcecode.swift; path = AppError.swift; sourceTree = "<group>"; };
		CE7605512BA4FADD0055BAC1 /* StatePopulationSampleJSON.swift */ = {isa = PBXFileReference; lastKnownFileType = sourcecode.swift; path = StatePopulationSampleJSON.swift; sourceTree = "<group>"; };
		CE7605532BA4FB2B0055BAC1 /* PopulationParsingTests.swift */ = {isa = PBXFileReference; lastKnownFileType = sourcecode.swift; path = PopulationParsingTests.swift; sourceTree = "<group>"; };
		CE7605562BA4FF300055BAC1 /* YearlyPopulationSampleJSON.swift */ = {isa = PBXFileReference; lastKnownFileType = sourcecode.swift; path = YearlyPopulationSampleJSON.swift; sourceTree = "<group>"; };
		CE7605582BA4FFEB0055BAC1 /* YearlyPopulationResponse.swift */ = {isa = PBXFileReference; lastKnownFileType = sourcecode.swift; path = YearlyPopulationResponse.swift; sourceTree = "<group>"; };
		CE76055A2BA501450055BAC1 /* YearlyPopulationViewModel.swift */ = {isa = PBXFileReference; lastKnownFileType = sourcecode.swift; path = YearlyPopulationViewModel.swift; sourceTree = "<group>"; };
		CE76055C2BA5033B0055BAC1 /* YearlyViewModelTests.swift */ = {isa = PBXFileReference; lastKnownFileType = sourcecode.swift; path = YearlyViewModelTests.swift; sourceTree = "<group>"; };
		CE7605602BA5B18E0055BAC1 /* PopulationNetworkClientTests.swift */ = {isa = PBXFileReference; lastKnownFileType = sourcecode.swift; path = PopulationNetworkClientTests.swift; sourceTree = "<group>"; };
		CE7605662BA5B6AB0055BAC1 /* USAPopulationEndToEndTests.xctest */ = {isa = PBXFileReference; explicitFileType = wrapper.cfbundle; includeInIndex = 0; path = USAPopulationEndToEndTests.xctest; sourceTree = BUILT_PRODUCTS_DIR; };
		CE7605702BA5BAB00055BAC1 /* PopulationNetworkClient.swift */ = {isa = PBXFileReference; lastKnownFileType = sourcecode.swift; path = PopulationNetworkClient.swift; sourceTree = "<group>"; };
		CE7605732BA5BAE50055BAC1 /* URLResponse+Ext.swift */ = {isa = PBXFileReference; lastKnownFileType = sourcecode.swift; path = "URLResponse+Ext.swift"; sourceTree = "<group>"; };
		CE7605752BA6395A0055BAC1 /* YearlyPopulationView.swift */ = {isa = PBXFileReference; lastKnownFileType = sourcecode.swift; path = YearlyPopulationView.swift; sourceTree = "<group>"; };
		CE7605772BA639CC0055BAC1 /* PreviewNetworkClient.swift */ = {isa = PBXFileReference; lastKnownFileType = sourcecode.swift; path = PreviewNetworkClient.swift; sourceTree = "<group>"; };
		CE76057B2BA642320055BAC1 /* StatePopulationView.swift */ = {isa = PBXFileReference; lastKnownFileType = sourcecode.swift; path = StatePopulationView.swift; sourceTree = "<group>"; };
		CE76057E2BA770040055BAC1 /* HomeTabView.swift */ = {isa = PBXFileReference; lastKnownFileType = sourcecode.swift; path = HomeTabView.swift; sourceTree = "<group>"; };
		CE7605802BA7732F0055BAC1 /* HomeTabViewModel.swift */ = {isa = PBXFileReference; lastKnownFileType = sourcecode.swift; path = HomeTabViewModel.swift; sourceTree = "<group>"; };
		CE7605822BA778180055BAC1 /* URLClientImpl.swift */ = {isa = PBXFileReference; lastKnownFileType = sourcecode.swift; path = URLClientImpl.swift; sourceTree = "<group>"; };
		CECCD0B22BA77C8700FE37C6 /* OnFirstAppear.swift */ = {isa = PBXFileReference; lastKnownFileType = sourcecode.swift; path = OnFirstAppear.swift; sourceTree = "<group>"; };
/* End PBXFileReference section */

/* Begin PBXFrameworksBuildPhase section */
		CE18277C2BA4C1E000C78506 /* Frameworks */ = {
			isa = PBXFrameworksBuildPhase;
			buildActionMask = 2147483647;
			files = (
				CE7605402BA4E3470055BAC1 /* CombineSchedulers in Frameworks */,
			);
			runOnlyForDeploymentPostprocessing = 0;
		};
		CE1827922BA4C1E200C78506 /* Frameworks */ = {
			isa = PBXFrameworksBuildPhase;
			buildActionMask = 2147483647;
			files = (
			);
			runOnlyForDeploymentPostprocessing = 0;
		};
		CE7605632BA5B6AB0055BAC1 /* Frameworks */ = {
			isa = PBXFrameworksBuildPhase;
			buildActionMask = 2147483647;
			files = (
			);
			runOnlyForDeploymentPostprocessing = 0;
		};
/* End PBXFrameworksBuildPhase section */

/* Begin PBXGroup section */
		CE1827762BA4C1E000C78506 = {
			isa = PBXGroup;
			children = (
				CE1827812BA4C1E000C78506 /* USAPopulation */,
				CE1827982BA4C1E200C78506 /* USAPopulationTests */,
				CE7605672BA5B6AB0055BAC1 /* USAPopulationEndToEndTests */,
				CE1827802BA4C1E000C78506 /* Products */,
			);
			sourceTree = "<group>";
		};
		CE1827802BA4C1E000C78506 /* Products */ = {
			isa = PBXGroup;
			children = (
				CE18277F2BA4C1E000C78506 /* USAPopulation.app */,
				CE1827952BA4C1E200C78506 /* USAPopulationTests.xctest */,
				CE7605662BA5B6AB0055BAC1 /* USAPopulationEndToEndTests.xctest */,
			);
			name = Products;
			sourceTree = "<group>";
		};
		CE1827812BA4C1E000C78506 /* USAPopulation */ = {
			isa = PBXGroup;
			children = (
				CE1827822BA4C1E000C78506 /* AppDelegate.swift */,
				CE1827842BA4C1E000C78506 /* SceneDelegate.swift */,
				CE7605412BA4F2260055BAC1 /* Modules */,
				CE7605482BA4F3AC0055BAC1 /* Common */,
				CE7605452BA4F24E0055BAC1 /* Domain */,
				CE76055E2BA5B13A0055BAC1 /* Infrastructure */,
				CE76055F2BA5B15C0055BAC1 /* SampleData */,
				CE18278B2BA4C1E200C78506 /* Assets.xcassets */,
				CE18278D2BA4C1E200C78506 /* LaunchScreen.storyboard */,
				CE1827902BA4C1E200C78506 /* Info.plist */,
			);
			path = USAPopulation;
			sourceTree = "<group>";
		};
		CE1827982BA4C1E200C78506 /* USAPopulationTests */ = {
			isa = PBXGroup;
			children = (
				CE1827B22BA4C47D00C78506 /* StatePopulationViewModelTests.swift */,
				CE76055C2BA5033B0055BAC1 /* YearlyViewModelTests.swift */,
				CE7605532BA4FB2B0055BAC1 /* PopulationParsingTests.swift */,
			);
			path = USAPopulationTests;
			sourceTree = "<group>";
		};
		CE7605412BA4F2260055BAC1 /* Modules */ = {
			isa = PBXGroup;
			children = (
				CE76057D2BA76FEF0055BAC1 /* TabView */,
				CE7605552BA4FCF00055BAC1 /* YearlyPopulation */,
				CE7605422BA4F22E0055BAC1 /* StatePopulation */,
			);
			path = Modules;
			sourceTree = "<group>";
		};
		CE7605422BA4F22E0055BAC1 /* StatePopulation */ = {
			isa = PBXGroup;
			children = (
				CE7605432BA4F2470055BAC1 /* StatePopulationViewModel.swift */,
				CE76057B2BA642320055BAC1 /* StatePopulationView.swift */,
				CE76054B2BA4F3FA0055BAC1 /* PopulationViewModel.swift */,
				CE76054D2BA4F41E0055BAC1 /* StatePopulationAPIProtocol.swift */,
			);
			path = StatePopulation;
			sourceTree = "<group>";
		};
		CE7605452BA4F24E0055BAC1 /* Domain */ = {
			isa = PBXGroup;
			children = (
				CE7605462BA4F28F0055BAC1 /* StatePopulationResponse.swift */,
				CE7605582BA4FFEB0055BAC1 /* YearlyPopulationResponse.swift */,
			);
			path = Domain;
			sourceTree = "<group>";
		};
		CE7605482BA4F3AC0055BAC1 /* Common */ = {
			isa = PBXGroup;
			children = (
				CECCD0B12BA77C7B00FE37C6 /* ViewModifiers */,
				CE7605722BA5BAD50055BAC1 /* Extensions */,
				CE7605492BA4F3BC0055BAC1 /* ViewState.swift */,
				CE76054F2BA4F4350055BAC1 /* AppError.swift */,
			);
			path = Common;
			sourceTree = "<group>";
		};
		CE7605552BA4FCF00055BAC1 /* YearlyPopulation */ = {
			isa = PBXGroup;
			children = (
				CE76055A2BA501450055BAC1 /* YearlyPopulationViewModel.swift */,
				CE7605752BA6395A0055BAC1 /* YearlyPopulationView.swift */,
			);
			path = YearlyPopulation;
			sourceTree = "<group>";
		};
		CE76055E2BA5B13A0055BAC1 /* Infrastructure */ = {
			isa = PBXGroup;
			children = (
				CE7605702BA5BAB00055BAC1 /* PopulationNetworkClient.swift */,
				CE7605822BA778180055BAC1 /* URLClientImpl.swift */,
				CE7605772BA639CC0055BAC1 /* PreviewNetworkClient.swift */,
			);
			path = Infrastructure;
			sourceTree = "<group>";
		};
		CE76055F2BA5B15C0055BAC1 /* SampleData */ = {
			isa = PBXGroup;
			children = (
				CE7605512BA4FADD0055BAC1 /* StatePopulationSampleJSON.swift */,
				CE7605562BA4FF300055BAC1 /* YearlyPopulationSampleJSON.swift */,
			);
			path = SampleData;
			sourceTree = "<group>";
		};
		CE7605672BA5B6AB0055BAC1 /* USAPopulationEndToEndTests */ = {
			isa = PBXGroup;
			children = (
				CE7605602BA5B18E0055BAC1 /* PopulationNetworkClientTests.swift */,
			);
			path = USAPopulationEndToEndTests;
			sourceTree = "<group>";
		};
		CE7605722BA5BAD50055BAC1 /* Extensions */ = {
			isa = PBXGroup;
			children = (
				CE7605732BA5BAE50055BAC1 /* URLResponse+Ext.swift */,
			);
			path = Extensions;
			sourceTree = "<group>";
		};
		CE76057D2BA76FEF0055BAC1 /* TabView */ = {
			isa = PBXGroup;
			children = (
				CE76057E2BA770040055BAC1 /* HomeTabView.swift */,
				CE7605802BA7732F0055BAC1 /* HomeTabViewModel.swift */,
			);
			path = TabView;
			sourceTree = "<group>";
		};
		CECCD0B12BA77C7B00FE37C6 /* ViewModifiers */ = {
			isa = PBXGroup;
			children = (
				CECCD0B22BA77C8700FE37C6 /* OnFirstAppear.swift */,
			);
			path = ViewModifiers;
			sourceTree = "<group>";
		};
/* End PBXGroup section */

/* Begin PBXNativeTarget section */
		CE18277E2BA4C1E000C78506 /* USAPopulation */ = {
			isa = PBXNativeTarget;
			buildConfigurationList = CE1827A92BA4C1E200C78506 /* Build configuration list for PBXNativeTarget "USAPopulation" */;
			buildPhases = (
				CE18277B2BA4C1E000C78506 /* Sources */,
				CE18277C2BA4C1E000C78506 /* Frameworks */,
				CE18277D2BA4C1E000C78506 /* Resources */,
			);
			buildRules = (
			);
			dependencies = (
			);
			name = USAPopulation;
			packageProductDependencies = (
				CE76053F2BA4E3470055BAC1 /* CombineSchedulers */,
			);
			productName = USAPopulation;
			productReference = CE18277F2BA4C1E000C78506 /* USAPopulation.app */;
			productType = "com.apple.product-type.application";
		};
		CE1827942BA4C1E200C78506 /* USAPopulationTests */ = {
			isa = PBXNativeTarget;
			buildConfigurationList = CE1827AC2BA4C1E200C78506 /* Build configuration list for PBXNativeTarget "USAPopulationTests" */;
			buildPhases = (
				CE1827912BA4C1E200C78506 /* Sources */,
				CE1827922BA4C1E200C78506 /* Frameworks */,
				CE1827932BA4C1E200C78506 /* Resources */,
			);
			buildRules = (
			);
			dependencies = (
				CE1827972BA4C1E200C78506 /* PBXTargetDependency */,
			);
			name = USAPopulationTests;
			productName = USAPopulationTests;
			productReference = CE1827952BA4C1E200C78506 /* USAPopulationTests.xctest */;
			productType = "com.apple.product-type.bundle.unit-test";
		};
		CE7605652BA5B6AB0055BAC1 /* USAPopulationEndToEndTests */ = {
			isa = PBXNativeTarget;
			buildConfigurationList = CE76056C2BA5B6AB0055BAC1 /* Build configuration list for PBXNativeTarget "USAPopulationEndToEndTests" */;
			buildPhases = (
				CE7605622BA5B6AB0055BAC1 /* Sources */,
				CE7605632BA5B6AB0055BAC1 /* Frameworks */,
				CE7605642BA5B6AB0055BAC1 /* Resources */,
			);
			buildRules = (
			);
			dependencies = (
				CE76056B2BA5B6AB0055BAC1 /* PBXTargetDependency */,
			);
			name = USAPopulationEndToEndTests;
			productName = USAPopulationEndToEndTests;
			productReference = CE7605662BA5B6AB0055BAC1 /* USAPopulationEndToEndTests.xctest */;
			productType = "com.apple.product-type.bundle.unit-test";
		};
/* End PBXNativeTarget section */

/* Begin PBXProject section */
		CE1827772BA4C1E000C78506 /* Project object */ = {
			isa = PBXProject;
			attributes = {
				BuildIndependentTargetsInParallel = 1;
				LastSwiftUpdateCheck = 1500;
				LastUpgradeCheck = 1500;
				TargetAttributes = {
					CE18277E2BA4C1E000C78506 = {
						CreatedOnToolsVersion = 15.0;
					};
					CE1827942BA4C1E200C78506 = {
						CreatedOnToolsVersion = 15.0;
						TestTargetID = CE18277E2BA4C1E000C78506;
					};
					CE7605652BA5B6AB0055BAC1 = {
						CreatedOnToolsVersion = 15.0;
						TestTargetID = CE18277E2BA4C1E000C78506;
					};
				};
			};
			buildConfigurationList = CE18277A2BA4C1E000C78506 /* Build configuration list for PBXProject "USAPopulation" */;
			compatibilityVersion = "Xcode 14.0";
			developmentRegion = en;
			hasScannedForEncodings = 0;
			knownRegions = (
				en,
				Base,
			);
			mainGroup = CE1827762BA4C1E000C78506;
			packageReferences = (
				CE76053E2BA4E3470055BAC1 /* XCRemoteSwiftPackageReference "combine-schedulers" */,
			);
			productRefGroup = CE1827802BA4C1E000C78506 /* Products */;
			projectDirPath = "";
			projectRoot = "";
			targets = (
				CE18277E2BA4C1E000C78506 /* USAPopulation */,
				CE1827942BA4C1E200C78506 /* USAPopulationTests */,
				CE7605652BA5B6AB0055BAC1 /* USAPopulationEndToEndTests */,
			);
		};
/* End PBXProject section */

/* Begin PBXResourcesBuildPhase section */
		CE18277D2BA4C1E000C78506 /* Resources */ = {
			isa = PBXResourcesBuildPhase;
			buildActionMask = 2147483647;
			files = (
				CE18278F2BA4C1E200C78506 /* LaunchScreen.storyboard in Resources */,
				CE18278C2BA4C1E200C78506 /* Assets.xcassets in Resources */,
			);
			runOnlyForDeploymentPostprocessing = 0;
		};
		CE1827932BA4C1E200C78506 /* Resources */ = {
			isa = PBXResourcesBuildPhase;
			buildActionMask = 2147483647;
			files = (
			);
			runOnlyForDeploymentPostprocessing = 0;
		};
		CE7605642BA5B6AB0055BAC1 /* Resources */ = {
			isa = PBXResourcesBuildPhase;
			buildActionMask = 2147483647;
			files = (
			);
			runOnlyForDeploymentPostprocessing = 0;
		};
/* End PBXResourcesBuildPhase section */

/* Begin PBXSourcesBuildPhase section */
		CE18277B2BA4C1E000C78506 /* Sources */ = {
			isa = PBXSourcesBuildPhase;
			buildActionMask = 2147483647;
			files = (
				CE76057A2BA63A4A0055BAC1 /* YearlyPopulationSampleJSON.swift in Sources */,
				CE7605712BA5BAB00055BAC1 /* PopulationNetworkClient.swift in Sources */,
				CE7605832BA778180055BAC1 /* URLClientImpl.swift in Sources */,
				CE7605762BA6395A0055BAC1 /* YearlyPopulationView.swift in Sources */,
				CE76057F2BA770040055BAC1 /* HomeTabView.swift in Sources */,
				CE7605592BA4FFEB0055BAC1 /* YearlyPopulationResponse.swift in Sources */,
				CE7605472BA4F28F0055BAC1 /* StatePopulationResponse.swift in Sources */,
				CE7605782BA639CC0055BAC1 /* PreviewNetworkClient.swift in Sources */,
				CE7605792BA63A470055BAC1 /* StatePopulationSampleJSON.swift in Sources */,
				CE76057C2BA642320055BAC1 /* StatePopulationView.swift in Sources */,
				CE7605442BA4F2470055BAC1 /* StatePopulationViewModel.swift in Sources */,
				CE76054E2BA4F41E0055BAC1 /* StatePopulationAPIProtocol.swift in Sources */,
				CECCD0B32BA77C8700FE37C6 /* OnFirstAppear.swift in Sources */,
				CE7605812BA7732F0055BAC1 /* HomeTabViewModel.swift in Sources */,
				CE76054A2BA4F3BC0055BAC1 /* ViewState.swift in Sources */,
				CE7605742BA5BAE50055BAC1 /* URLResponse+Ext.swift in Sources */,
				CE76055B2BA501450055BAC1 /* YearlyPopulationViewModel.swift in Sources */,
				CE7605502BA4F4350055BAC1 /* AppError.swift in Sources */,
				CE1827832BA4C1E000C78506 /* AppDelegate.swift in Sources */,
				CE1827852BA4C1E000C78506 /* SceneDelegate.swift in Sources */,
				CE76054C2BA4F3FA0055BAC1 /* PopulationViewModel.swift in Sources */,
			);
			runOnlyForDeploymentPostprocessing = 0;
		};
		CE1827912BA4C1E200C78506 /* Sources */ = {
			isa = PBXSourcesBuildPhase;
			buildActionMask = 2147483647;
			files = (
				CE7605572BA4FF300055BAC1 /* YearlyPopulationSampleJSON.swift in Sources */,
				CE7605542BA4FB2B0055BAC1 /* PopulationParsingTests.swift in Sources */,
				CE76055D2BA5033B0055BAC1 /* YearlyViewModelTests.swift in Sources */,
				CE7605522BA4FADD0055BAC1 /* StatePopulationSampleJSON.swift in Sources */,
				CE1827B32BA4C47D00C78506 /* StatePopulationViewModelTests.swift in Sources */,
			);
			runOnlyForDeploymentPostprocessing = 0;
		};
		CE7605622BA5B6AB0055BAC1 /* Sources */ = {
			isa = PBXSourcesBuildPhase;
			buildActionMask = 2147483647;
			files = (
				CE76056F2BA5B6B40055BAC1 /* PopulationNetworkClientTests.swift in Sources */,
			);
			runOnlyForDeploymentPostprocessing = 0;
		};
/* End PBXSourcesBuildPhase section */

/* Begin PBXTargetDependency section */
		CE1827972BA4C1E200C78506 /* PBXTargetDependency */ = {
			isa = PBXTargetDependency;
			target = CE18277E2BA4C1E000C78506 /* USAPopulation */;
			targetProxy = CE1827962BA4C1E200C78506 /* PBXContainerItemProxy */;
		};
		CE76056B2BA5B6AB0055BAC1 /* PBXTargetDependency */ = {
			isa = PBXTargetDependency;
			target = CE18277E2BA4C1E000C78506 /* USAPopulation */;
			targetProxy = CE76056A2BA5B6AB0055BAC1 /* PBXContainerItemProxy */;
		};
/* End PBXTargetDependency section */

/* Begin PBXVariantGroup section */
		CE18278D2BA4C1E200C78506 /* LaunchScreen.storyboard */ = {
			isa = PBXVariantGroup;
			children = (
				CE18278E2BA4C1E200C78506 /* Base */,
			);
			name = LaunchScreen.storyboard;
			sourceTree = "<group>";
		};
/* End PBXVariantGroup section */

/* Begin XCBuildConfiguration section */
		CE1827A72BA4C1E200C78506 /* Debug */ = {
			isa = XCBuildConfiguration;
			buildSettings = {
				ALWAYS_SEARCH_USER_PATHS = NO;
				ASSETCATALOG_COMPILER_GENERATE_SWIFT_ASSET_SYMBOL_EXTENSIONS = YES;
				CLANG_ANALYZER_NONNULL = YES;
				CLANG_ANALYZER_NUMBER_OBJECT_CONVERSION = YES_AGGRESSIVE;
				CLANG_CXX_LANGUAGE_STANDARD = "gnu++20";
				CLANG_ENABLE_MODULES = YES;
				CLANG_ENABLE_OBJC_ARC = YES;
				CLANG_ENABLE_OBJC_WEAK = YES;
				CLANG_WARN_BLOCK_CAPTURE_AUTORELEASING = YES;
				CLANG_WARN_BOOL_CONVERSION = YES;
				CLANG_WARN_COMMA = YES;
				CLANG_WARN_CONSTANT_CONVERSION = YES;
				CLANG_WARN_DEPRECATED_OBJC_IMPLEMENTATIONS = YES;
				CLANG_WARN_DIRECT_OBJC_ISA_USAGE = YES_ERROR;
				CLANG_WARN_DOCUMENTATION_COMMENTS = YES;
				CLANG_WARN_EMPTY_BODY = YES;
				CLANG_WARN_ENUM_CONVERSION = YES;
				CLANG_WARN_INFINITE_RECURSION = YES;
				CLANG_WARN_INT_CONVERSION = YES;
				CLANG_WARN_NON_LITERAL_NULL_CONVERSION = YES;
				CLANG_WARN_OBJC_IMPLICIT_RETAIN_SELF = YES;
				CLANG_WARN_OBJC_LITERAL_CONVERSION = YES;
				CLANG_WARN_OBJC_ROOT_CLASS = YES_ERROR;
				CLANG_WARN_QUOTED_INCLUDE_IN_FRAMEWORK_HEADER = YES;
				CLANG_WARN_RANGE_LOOP_ANALYSIS = YES;
				CLANG_WARN_STRICT_PROTOTYPES = YES;
				CLANG_WARN_SUSPICIOUS_MOVE = YES;
				CLANG_WARN_UNGUARDED_AVAILABILITY = YES_AGGRESSIVE;
				CLANG_WARN_UNREACHABLE_CODE = YES;
				CLANG_WARN__DUPLICATE_METHOD_MATCH = YES;
				COPY_PHASE_STRIP = NO;
				DEBUG_INFORMATION_FORMAT = dwarf;
				ENABLE_STRICT_OBJC_MSGSEND = YES;
				ENABLE_TESTABILITY = YES;
				ENABLE_USER_SCRIPT_SANDBOXING = YES;
				GCC_C_LANGUAGE_STANDARD = gnu17;
				GCC_DYNAMIC_NO_PIC = NO;
				GCC_NO_COMMON_BLOCKS = YES;
				GCC_OPTIMIZATION_LEVEL = 0;
				GCC_PREPROCESSOR_DEFINITIONS = (
					"DEBUG=1",
					"$(inherited)",
				);
				GCC_WARN_64_TO_32_BIT_CONVERSION = YES;
				GCC_WARN_ABOUT_RETURN_TYPE = YES_ERROR;
				GCC_WARN_UNDECLARED_SELECTOR = YES;
				GCC_WARN_UNINITIALIZED_AUTOS = YES_AGGRESSIVE;
				GCC_WARN_UNUSED_FUNCTION = YES;
				GCC_WARN_UNUSED_VARIABLE = YES;
				IPHONEOS_DEPLOYMENT_TARGET = 17.0;
				LOCALIZATION_PREFERS_STRING_CATALOGS = YES;
				MTL_ENABLE_DEBUG_INFO = INCLUDE_SOURCE;
				MTL_FAST_MATH = YES;
				ONLY_ACTIVE_ARCH = YES;
				SDKROOT = iphoneos;
				SWIFT_ACTIVE_COMPILATION_CONDITIONS = "DEBUG $(inherited)";
				SWIFT_OPTIMIZATION_LEVEL = "-Onone";
			};
			name = Debug;
		};
		CE1827A82BA4C1E200C78506 /* Release */ = {
			isa = XCBuildConfiguration;
			buildSettings = {
				ALWAYS_SEARCH_USER_PATHS = NO;
				ASSETCATALOG_COMPILER_GENERATE_SWIFT_ASSET_SYMBOL_EXTENSIONS = YES;
				CLANG_ANALYZER_NONNULL = YES;
				CLANG_ANALYZER_NUMBER_OBJECT_CONVERSION = YES_AGGRESSIVE;
				CLANG_CXX_LANGUAGE_STANDARD = "gnu++20";
				CLANG_ENABLE_MODULES = YES;
				CLANG_ENABLE_OBJC_ARC = YES;
				CLANG_ENABLE_OBJC_WEAK = YES;
				CLANG_WARN_BLOCK_CAPTURE_AUTORELEASING = YES;
				CLANG_WARN_BOOL_CONVERSION = YES;
				CLANG_WARN_COMMA = YES;
				CLANG_WARN_CONSTANT_CONVERSION = YES;
				CLANG_WARN_DEPRECATED_OBJC_IMPLEMENTATIONS = YES;
				CLANG_WARN_DIRECT_OBJC_ISA_USAGE = YES_ERROR;
				CLANG_WARN_DOCUMENTATION_COMMENTS = YES;
				CLANG_WARN_EMPTY_BODY = YES;
				CLANG_WARN_ENUM_CONVERSION = YES;
				CLANG_WARN_INFINITE_RECURSION = YES;
				CLANG_WARN_INT_CONVERSION = YES;
				CLANG_WARN_NON_LITERAL_NULL_CONVERSION = YES;
				CLANG_WARN_OBJC_IMPLICIT_RETAIN_SELF = YES;
				CLANG_WARN_OBJC_LITERAL_CONVERSION = YES;
				CLANG_WARN_OBJC_ROOT_CLASS = YES_ERROR;
				CLANG_WARN_QUOTED_INCLUDE_IN_FRAMEWORK_HEADER = YES;
				CLANG_WARN_RANGE_LOOP_ANALYSIS = YES;
				CLANG_WARN_STRICT_PROTOTYPES = YES;
				CLANG_WARN_SUSPICIOUS_MOVE = YES;
				CLANG_WARN_UNGUARDED_AVAILABILITY = YES_AGGRESSIVE;
				CLANG_WARN_UNREACHABLE_CODE = YES;
				CLANG_WARN__DUPLICATE_METHOD_MATCH = YES;
				COPY_PHASE_STRIP = NO;
				DEBUG_INFORMATION_FORMAT = "dwarf-with-dsym";
				ENABLE_NS_ASSERTIONS = NO;
				ENABLE_STRICT_OBJC_MSGSEND = YES;
				ENABLE_USER_SCRIPT_SANDBOXING = YES;
				GCC_C_LANGUAGE_STANDARD = gnu17;
				GCC_NO_COMMON_BLOCKS = YES;
				GCC_WARN_64_TO_32_BIT_CONVERSION = YES;
				GCC_WARN_ABOUT_RETURN_TYPE = YES_ERROR;
				GCC_WARN_UNDECLARED_SELECTOR = YES;
				GCC_WARN_UNINITIALIZED_AUTOS = YES_AGGRESSIVE;
				GCC_WARN_UNUSED_FUNCTION = YES;
				GCC_WARN_UNUSED_VARIABLE = YES;
				IPHONEOS_DEPLOYMENT_TARGET = 17.0;
				LOCALIZATION_PREFERS_STRING_CATALOGS = YES;
				MTL_ENABLE_DEBUG_INFO = NO;
				MTL_FAST_MATH = YES;
				SDKROOT = iphoneos;
				SWIFT_COMPILATION_MODE = wholemodule;
				VALIDATE_PRODUCT = YES;
			};
			name = Release;
		};
		CE1827AA2BA4C1E200C78506 /* Debug */ = {
			isa = XCBuildConfiguration;
			buildSettings = {
				ASSETCATALOG_COMPILER_APPICON_NAME = AppIcon;
				ASSETCATALOG_COMPILER_GLOBAL_ACCENT_COLOR_NAME = AccentColor;
				CODE_SIGN_STYLE = Automatic;
				CURRENT_PROJECT_VERSION = 1;
				DEVELOPMENT_TEAM = K9U45N8FBN;
				GENERATE_INFOPLIST_FILE = YES;
				INFOPLIST_FILE = USAPopulation/Info.plist;
				INFOPLIST_KEY_UIApplicationSupportsIndirectInputEvents = YES;
				INFOPLIST_KEY_UILaunchStoryboardName = LaunchScreen;
				INFOPLIST_KEY_UISupportedInterfaceOrientations_iPad = "UIInterfaceOrientationPortrait UIInterfaceOrientationPortraitUpsideDown UIInterfaceOrientationLandscapeLeft UIInterfaceOrientationLandscapeRight";
				INFOPLIST_KEY_UISupportedInterfaceOrientations_iPhone = "UIInterfaceOrientationPortrait UIInterfaceOrientationLandscapeLeft UIInterfaceOrientationLandscapeRight";
				LD_RUNPATH_SEARCH_PATHS = (
					"$(inherited)",
					"@executable_path/Frameworks",
				);
				MARKETING_VERSION = 1.0;
				PRODUCT_BUNDLE_IDENTIFIER = andrii.kvashuk.USAPopulation;
				PRODUCT_NAME = "$(TARGET_NAME)";
				SWIFT_EMIT_LOC_STRINGS = YES;
				SWIFT_VERSION = 5.0;
				TARGETED_DEVICE_FAMILY = "1,2";
			};
			name = Debug;
		};
		CE1827AB2BA4C1E200C78506 /* Release */ = {
			isa = XCBuildConfiguration;
			buildSettings = {
				ASSETCATALOG_COMPILER_APPICON_NAME = AppIcon;
				ASSETCATALOG_COMPILER_GLOBAL_ACCENT_COLOR_NAME = AccentColor;
				CODE_SIGN_STYLE = Automatic;
				CURRENT_PROJECT_VERSION = 1;
				DEVELOPMENT_TEAM = K9U45N8FBN;
				GENERATE_INFOPLIST_FILE = YES;
				INFOPLIST_FILE = USAPopulation/Info.plist;
				INFOPLIST_KEY_UIApplicationSupportsIndirectInputEvents = YES;
				INFOPLIST_KEY_UILaunchStoryboardName = LaunchScreen;
				INFOPLIST_KEY_UISupportedInterfaceOrientations_iPad = "UIInterfaceOrientationPortrait UIInterfaceOrientationPortraitUpsideDown UIInterfaceOrientationLandscapeLeft UIInterfaceOrientationLandscapeRight";
				INFOPLIST_KEY_UISupportedInterfaceOrientations_iPhone = "UIInterfaceOrientationPortrait UIInterfaceOrientationLandscapeLeft UIInterfaceOrientationLandscapeRight";
				LD_RUNPATH_SEARCH_PATHS = (
					"$(inherited)",
					"@executable_path/Frameworks",
				);
				MARKETING_VERSION = 1.0;
				PRODUCT_BUNDLE_IDENTIFIER = andrii.kvashuk.USAPopulation;
				PRODUCT_NAME = "$(TARGET_NAME)";
				SWIFT_EMIT_LOC_STRINGS = YES;
				SWIFT_VERSION = 5.0;
				TARGETED_DEVICE_FAMILY = "1,2";
			};
			name = Release;
		};
		CE1827AD2BA4C1E200C78506 /* Debug */ = {
			isa = XCBuildConfiguration;
			buildSettings = {
				ALWAYS_EMBED_SWIFT_STANDARD_LIBRARIES = YES;
				BUNDLE_LOADER = "$(TEST_HOST)";
				CODE_SIGN_STYLE = Automatic;
				CURRENT_PROJECT_VERSION = 1;
				DEVELOPMENT_TEAM = K9U45N8FBN;
				GENERATE_INFOPLIST_FILE = YES;
				IPHONEOS_DEPLOYMENT_TARGET = 17.0;
				MARKETING_VERSION = 1.0;
				PRODUCT_BUNDLE_IDENTIFIER = andrii.kvashuk.USAPopulationTests;
				PRODUCT_NAME = "$(TARGET_NAME)";
				SWIFT_EMIT_LOC_STRINGS = NO;
				SWIFT_VERSION = 5.0;
				TARGETED_DEVICE_FAMILY = "1,2";
				TEST_HOST = "$(BUILT_PRODUCTS_DIR)/USAPopulation.app/$(BUNDLE_EXECUTABLE_FOLDER_PATH)/USAPopulation";
			};
			name = Debug;
		};
		CE1827AE2BA4C1E200C78506 /* Release */ = {
			isa = XCBuildConfiguration;
			buildSettings = {
				ALWAYS_EMBED_SWIFT_STANDARD_LIBRARIES = YES;
				BUNDLE_LOADER = "$(TEST_HOST)";
				CODE_SIGN_STYLE = Automatic;
				CURRENT_PROJECT_VERSION = 1;
				DEVELOPMENT_TEAM = K9U45N8FBN;
				GENERATE_INFOPLIST_FILE = YES;
				IPHONEOS_DEPLOYMENT_TARGET = 17.0;
				MARKETING_VERSION = 1.0;
				PRODUCT_BUNDLE_IDENTIFIER = andrii.kvashuk.USAPopulationTests;
				PRODUCT_NAME = "$(TARGET_NAME)";
				SWIFT_EMIT_LOC_STRINGS = NO;
				SWIFT_VERSION = 5.0;
				TARGETED_DEVICE_FAMILY = "1,2";
				TEST_HOST = "$(BUILT_PRODUCTS_DIR)/USAPopulation.app/$(BUNDLE_EXECUTABLE_FOLDER_PATH)/USAPopulation";
			};
			name = Release;
		};
		CE76056D2BA5B6AB0055BAC1 /* Debug */ = {
			isa = XCBuildConfiguration;
			buildSettings = {
				BUNDLE_LOADER = "$(TEST_HOST)";
				CODE_SIGN_STYLE = Automatic;
				CURRENT_PROJECT_VERSION = 1;
				DEVELOPMENT_TEAM = K9U45N8FBN;
				GENERATE_INFOPLIST_FILE = YES;
				MARKETING_VERSION = 1.0;
				PRODUCT_BUNDLE_IDENTIFIER = andrii.kvashuk.USAPopulationEndToEndTests;
				PRODUCT_NAME = "$(TARGET_NAME)";
				SWIFT_EMIT_LOC_STRINGS = NO;
				SWIFT_VERSION = 5.0;
				TARGETED_DEVICE_FAMILY = "1,2";
				TEST_HOST = "$(BUILT_PRODUCTS_DIR)/USAPopulation.app/$(BUNDLE_EXECUTABLE_FOLDER_PATH)/USAPopulation";
			};
			name = Debug;
		};
		CE76056E2BA5B6AB0055BAC1 /* Release */ = {
			isa = XCBuildConfiguration;
			buildSettings = {
				BUNDLE_LOADER = "$(TEST_HOST)";
				CODE_SIGN_STYLE = Automatic;
				CURRENT_PROJECT_VERSION = 1;
				DEVELOPMENT_TEAM = K9U45N8FBN;
				GENERATE_INFOPLIST_FILE = YES;
				MARKETING_VERSION = 1.0;
				PRODUCT_BUNDLE_IDENTIFIER = andrii.kvashuk.USAPopulationEndToEndTests;
				PRODUCT_NAME = "$(TARGET_NAME)";
				SWIFT_EMIT_LOC_STRINGS = NO;
				SWIFT_VERSION = 5.0;
				TARGETED_DEVICE_FAMILY = "1,2";
				TEST_HOST = "$(BUILT_PRODUCTS_DIR)/USAPopulation.app/$(BUNDLE_EXECUTABLE_FOLDER_PATH)/USAPopulation";
			};
			name = Release;
		};
/* End XCBuildConfiguration section */

/* Begin XCConfigurationList section */
		CE18277A2BA4C1E000C78506 /* Build configuration list for PBXProject "USAPopulation" */ = {
			isa = XCConfigurationList;
			buildConfigurations = (
				CE1827A72BA4C1E200C78506 /* Debug */,
				CE1827A82BA4C1E200C78506 /* Release */,
			);
			defaultConfigurationIsVisible = 0;
			defaultConfigurationName = Release;
		};
		CE1827A92BA4C1E200C78506 /* Build configuration list for PBXNativeTarget "USAPopulation" */ = {
			isa = XCConfigurationList;
			buildConfigurations = (
				CE1827AA2BA4C1E200C78506 /* Debug */,
				CE1827AB2BA4C1E200C78506 /* Release */,
			);
			defaultConfigurationIsVisible = 0;
			defaultConfigurationName = Release;
		};
		CE1827AC2BA4C1E200C78506 /* Build configuration list for PBXNativeTarget "USAPopulationTests" */ = {
			isa = XCConfigurationList;
			buildConfigurations = (
				CE1827AD2BA4C1E200C78506 /* Debug */,
				CE1827AE2BA4C1E200C78506 /* Release */,
			);
			defaultConfigurationIsVisible = 0;
			defaultConfigurationName = Release;
		};
		CE76056C2BA5B6AB0055BAC1 /* Build configuration list for PBXNativeTarget "USAPopulationEndToEndTests" */ = {
			isa = XCConfigurationList;
			buildConfigurations = (
				CE76056D2BA5B6AB0055BAC1 /* Debug */,
				CE76056E2BA5B6AB0055BAC1 /* Release */,
			);
			defaultConfigurationIsVisible = 0;
			defaultConfigurationName = Release;
		};
/* End XCConfigurationList section */

/* Begin XCRemoteSwiftPackageReference section */
		CE76053E2BA4E3470055BAC1 /* XCRemoteSwiftPackageReference "combine-schedulers" */ = {
			isa = XCRemoteSwiftPackageReference;
			repositoryURL = "https://github.com/pointfreeco/combine-schedulers#anyscheduler";
			requirement = {
				kind = upToNextMajorVersion;
				minimumVersion = 1.0.0;
			};
		};
/* End XCRemoteSwiftPackageReference section */

/* Begin XCSwiftPackageProductDependency section */
		CE76053F2BA4E3470055BAC1 /* CombineSchedulers */ = {
			isa = XCSwiftPackageProductDependency;
			package = CE76053E2BA4E3470055BAC1 /* XCRemoteSwiftPackageReference "combine-schedulers" */;
			productName = CombineSchedulers;
		};
/* End XCSwiftPackageProductDependency section */
	};
	rootObject = CE1827772BA4C1E000C78506 /* Project object */;
}
